
Microsoft Visual Studio Solution File, Format Version 12.00
# Visual Studio Version 17
VisualStudioVersion = 17.9.34728.123
MinimumVisualStudioVersion = 10.0.40219.1
Project("{FAE04EC0-301F-11D3-BF4B-00C04F79EFBC}") = "GaussWpfApp", "GaussWpfApp\GaussWpfApp.csproj", "{644A77BB-D8B3-4BA3-AFC8-FB1AC213276E}"
EndProject
Global
	GlobalSection(SolutionConfigurationPlatforms) = preSolution
		Debug|Any CPU = Debug|Any CPU
		Release|Any CPU = Release|Any CPU
	EndGlobalSection
	GlobalSection(ProjectConfigurationPlatforms) = postSolution
		{644A77BB-D8B3-4BA3-AFC8-FB1AC213276E}.Debug|Any CPU.ActiveCfg = Debug|Any CPU
		{644A77BB-D8B3-4BA3-AFC8-FB1AC213276E}.Debug|Any CPU.Build.0 = Debug|Any CPU
		{644A77BB-D8B3-4BA3-AFC8-FB1AC213276E}.Release|Any CPU.ActiveCfg = Release|Any CPU
		{644A77BB-D8B3-4BA3-AFC8-FB1AC213276E}.Release|Any CPU.Build.0 = Release|Any CPU
	EndGlobalSection
	GlobalSection(SolutionProperties) = preSolution
		HideSolutionNode = FALSE
	EndGlobalSection
	GlobalSection(ExtensibilityGlobals) = postSolution
		SolutionGuid = {E226C2DA-3E0B-439F-8E54-16DC73D9B49B}
	EndGlobalSection
EndGlobal
